// !$*UTF8*$!
{
	archiveVersion = 1;
	classes = {
	};
	objectVersion = 77;
	objects = {

/* Begin PBXBuildFile section */
		D75D79922E96ACE200166E5B /* .gitignore in Resources */ = {isa = PBXBuildFile; fileRef = D75D79912E96ACE200166E5B /* .gitignore */; };
		D7E680842EBA159700C3FC2D /* NHSDesignSystem in Frameworks */ = {isa = PBXBuildFile; productRef = D7E680832EBA159700C3FC2D /* NHSDesignSystem */; };
/* End PBXBuildFile section */

/* Begin PBXContainerItemProxy section */
		D72C45552E951BCC00840B3C /* PBXContainerItemProxy */ = {
			isa = PBXContainerItemProxy;
			containerPortal = D72C453F2E951BCC00840B3C /* Project object */;
			proxyType = 1;
			remoteGlobalIDString = D72C45462E951BCC00840B3C;
			remoteInfo = "nhsapp-ios-demo-v2";
		};
		D72C455F2E951BCC00840B3C /* PBXContainerItemProxy */ = {
			isa = PBXContainerItemProxy;
			containerPortal = D72C453F2E951BCC00840B3C /* Project object */;
			proxyType = 1;
			remoteGlobalIDString = D72C45462E951BCC00840B3C;
			remoteInfo = "nhsapp-ios-demo-v2";
		};
/* End PBXContainerItemProxy section */

/* Begin PBXFileReference section */
		D72C45472E951BCC00840B3C /* nhsapp-ios-demo-v2.app */ = {isa = PBXFileReference; explicitFileType = wrapper.application; includeInIndex = 0; path = "nhsapp-ios-demo-v2.app"; sourceTree = BUILT_PRODUCTS_DIR; };
		D72C45542E951BCC00840B3C /* nhsapp-ios-demo-v2Tests.xctest */ = {isa = PBXFileReference; explicitFileType = wrapper.cfbundle; includeInIndex = 0; path = "nhsapp-ios-demo-v2Tests.xctest"; sourceTree = BUILT_PRODUCTS_DIR; };
		D72C455E2E951BCC00840B3C /* nhsapp-ios-demo-v2UITests.xctest */ = {isa = PBXFileReference; explicitFileType = wrapper.cfbundle; includeInIndex = 0; path = "nhsapp-ios-demo-v2UITests.xctest"; sourceTree = BUILT_PRODUCTS_DIR; };
		D75D79912E96ACE200166E5B /* .gitignore */ = {isa = PBXFileReference; lastKnownFileType = text; path = .gitignore; sourceTree = "<group>"; };
/* End PBXFileReference section */

/* Begin PBXFileSystemSynchronizedRootGroup section */
		D72C45492E951BCC00840B3C /* nhsapp-ios-demo-v2 */ = {
			isa = PBXFileSystemSynchronizedRootGroup;
			path = "nhsapp-ios-demo-v2";
			sourceTree = "<group>";
		};
		D72C45572E951BCC00840B3C /* nhsapp-ios-demo-v2Tests */ = {
			isa = PBXFileSystemSynchronizedRootGroup;
			path = "nhsapp-ios-demo-v2Tests";
			sourceTree = "<group>";
		};
		D72C45612E951BCC00840B3C /* nhsapp-ios-demo-v2UITests */ = {
			isa = PBXFileSystemSynchronizedRootGroup;
			path = "nhsapp-ios-demo-v2UITests";
			sourceTree = "<group>";
		};
/* End PBXFileSystemSynchronizedRootGroup section */

/* Begin PBXFrameworksBuildPhase section */
		D72C45442E951BCC00840B3C /* Frameworks */ = {
			isa = PBXFrameworksBuildPhase;
			buildActionMask = 2147483647;
			files = (
				D7E680842EBA159700C3FC2D /* NHSDesignSystem in Frameworks */,
			);
			runOnlyForDeploymentPostprocessing = 0;
		};
		D72C45512E951BCC00840B3C /* Frameworks */ = {
			isa = PBXFrameworksBuildPhase;
			buildActionMask = 2147483647;
			files = (
			);
			runOnlyForDeploymentPostprocessing = 0;
		};
		D72C455B2E951BCC00840B3C /* Frameworks */ = {
			isa = PBXFrameworksBuildPhase;
			buildActionMask = 2147483647;
			files = (
			);
			runOnlyForDeploymentPostprocessing = 0;
		};
/* End PBXFrameworksBuildPhase section */

/* Begin PBXGroup section */
		D72C453E2E951BCC00840B3C = {
			isa = PBXGroup;
			children = (
				D75D79912E96ACE200166E5B /* .gitignore */,
				D72C45492E951BCC00840B3C /* nhsapp-ios-demo-v2 */,
				D72C45572E951BCC00840B3C /* nhsapp-ios-demo-v2Tests */,
				D72C45612E951BCC00840B3C /* nhsapp-ios-demo-v2UITests */,
				D72C45482E951BCC00840B3C /* Products */,
			);
			sourceTree = "<group>";
		};
		D72C45482E951BCC00840B3C /* Products */ = {
			isa = PBXGroup;
			children = (
				D72C45472E951BCC00840B3C /* nhsapp-ios-demo-v2.app */,
				D72C45542E951BCC00840B3C /* nhsapp-ios-demo-v2Tests.xctest */,
				D72C455E2E951BCC00840B3C /* nhsapp-ios-demo-v2UITests.xctest */,
			);
			name = Products;
			sourceTree = "<group>";
		};
/* End PBXGroup section */

/* Begin PBXNativeTarget section */
		D72C45462E951BCC00840B3C /* nhsapp-ios-demo-v2 */ = {
			isa = PBXNativeTarget;
			buildConfigurationList = D72C45682E951BCC00840B3C /* Build configuration list for PBXNativeTarget "nhsapp-ios-demo-v2" */;
			buildPhases = (
				D72C45432E951BCC00840B3C /* Sources */,
				D72C45442E951BCC00840B3C /* Frameworks */,
				D72C45452E951BCC00840B3C /* Resources */,
			);
			buildRules = (
			);
			dependencies = (
			);
			fileSystemSynchronizedGroups = (
				D72C45492E951BCC00840B3C /* nhsapp-ios-demo-v2 */,
			);
			name = "nhsapp-ios-demo-v2";
			packageProductDependencies = (
				D7E680832EBA159700C3FC2D /* NHSDesignSystem */,
			);
			productName = "nhsapp-ios-demo-v2";
			productReference = D72C45472E951BCC00840B3C /* nhsapp-ios-demo-v2.app */;
			productType = "com.apple.product-type.application";
		};
		D72C45532E951BCC00840B3C /* nhsapp-ios-demo-v2Tests */ = {
			isa = PBXNativeTarget;
			buildConfigurationList = D72C456B2E951BCC00840B3C /* Build configuration list for PBXNativeTarget "nhsapp-ios-demo-v2Tests" */;
			buildPhases = (
				D72C45502E951BCC00840B3C /* Sources */,
				D72C45512E951BCC00840B3C /* Frameworks */,
				D72C45522E951BCC00840B3C /* Resources */,
			);
			buildRules = (
			);
			dependencies = (
				D72C45562E951BCC00840B3C /* PBXTargetDependency */,
			);
			fileSystemSynchronizedGroups = (
				D72C45572E951BCC00840B3C /* nhsapp-ios-demo-v2Tests */,
			);
			name = "nhsapp-ios-demo-v2Tests";
			packageProductDependencies = (
			);
			productName = "nhsapp-ios-demo-v2Tests";
			productReference = D72C45542E951BCC00840B3C /* nhsapp-ios-demo-v2Tests.xctest */;
			productType = "com.apple.product-type.bundle.unit-test";
		};
		D72C455D2E951BCC00840B3C /* nhsapp-ios-demo-v2UITests */ = {
			isa = PBXNativeTarget;
			buildConfigurationList = D72C456E2E951BCC00840B3C /* Build configuration list for PBXNativeTarget "nhsapp-ios-demo-v2UITests" */;
			buildPhases = (
				D72C455A2E951BCC00840B3C /* Sources */,
				D72C455B2E951BCC00840B3C /* Frameworks */,
				D72C455C2E951BCC00840B3C /* Resources */,
			);
			buildRules = (
			);
			dependencies = (
				D72C45602E951BCC00840B3C /* PBXTargetDependency */,
			);
			fileSystemSynchronizedGroups = (
				D72C45612E951BCC00840B3C /* nhsapp-ios-demo-v2UITests */,
			);
			name = "nhsapp-ios-demo-v2UITests";
			packageProductDependencies = (
			);
			productName = "nhsapp-ios-demo-v2UITests";
			productReference = D72C455E2E951BCC00840B3C /* nhsapp-ios-demo-v2UITests.xctest */;
			productType = "com.apple.product-type.bundle.ui-testing";
		};
/* End PBXNativeTarget section */

/* Begin PBXProject section */
		D72C453F2E951BCC00840B3C /* Project object */ = {
			isa = PBXProject;
			attributes = {
				BuildIndependentTargetsInParallel = 1;
				LastSwiftUpdateCheck = 2600;
				LastUpgradeCheck = 2600;
				TargetAttributes = {
					D72C45462E951BCC00840B3C = {
						CreatedOnToolsVersion = 26.0.1;
					};
					D72C45532E951BCC00840B3C = {
						CreatedOnToolsVersion = 26.0.1;
						TestTargetID = D72C45462E951BCC00840B3C;
					};
					D72C455D2E951BCC00840B3C = {
						CreatedOnToolsVersion = 26.0.1;
						TestTargetID = D72C45462E951BCC00840B3C;
					};
				};
			};
			buildConfigurationList = D72C45422E951BCC00840B3C /* Build configuration list for PBXProject "nhsapp-ios-demo-v2" */;
			developmentRegion = en;
			hasScannedForEncodings = 0;
			knownRegions = (
				en,
				Base,
			);
			mainGroup = D72C453E2E951BCC00840B3C;
			minimizedProjectReferenceProxies = 1;
			packageReferences = (
				D7E680822EBA159700C3FC2D /* XCRemoteSwiftPackageReference "nhsapp-prototype-DesignSystem_iOS" */,
			);
			preferredProjectObjectVersion = 77;
			productRefGroup = D72C45482E951BCC00840B3C /* Products */;
			projectDirPath = "";
			projectRoot = "";
			targets = (
				D72C45462E951BCC00840B3C /* nhsapp-ios-demo-v2 */,
				D72C45532E951BCC00840B3C /* nhsapp-ios-demo-v2Tests */,
				D72C455D2E951BCC00840B3C /* nhsapp-ios-demo-v2UITests */,
			);
		};
/* End PBXProject section */

/* Begin PBXResourcesBuildPhase section */
		D72C45452E951BCC00840B3C /* Resources */ = {
			isa = PBXResourcesBuildPhase;
			buildActionMask = 2147483647;
			files = (
				D75D79922E96ACE200166E5B /* .gitignore in Resources */,
			);
			runOnlyForDeploymentPostprocessing = 0;
		};
		D72C45522E951BCC00840B3C /* Resources */ = {
			isa = PBXResourcesBuildPhase;
			buildActionMask = 2147483647;
			files = (
			);
			runOnlyForDeploymentPostprocessing = 0;
		};
		D72C455C2E951BCC00840B3C /* Resources */ = {
			isa = PBXResourcesBuildPhase;
			buildActionMask = 2147483647;
			files = (
			);
			runOnlyForDeploymentPostprocessing = 0;
		};
/* End PBXResourcesBuildPhase section */

/* Begin PBXSourcesBuildPhase section */
		D72C45432E951BCC00840B3C /* Sources */ = {
			isa = PBXSourcesBuildPhase;
			buildActionMask = 2147483647;
			files = (
			);
			runOnlyForDeploymentPostprocessing = 0;
		};
		D72C45502E951BCC00840B3C /* Sources */ = {
			isa = PBXSourcesBuildPhase;
			buildActionMask = 2147483647;
			files = (
			);
			runOnlyForDeploymentPostprocessing = 0;
		};
		D72C455A2E951BCC00840B3C /* Sources */ = {
			isa = PBXSourcesBuildPhase;
			buildActionMask = 2147483647;
			files = (
			);
			runOnlyForDeploymentPostprocessing = 0;
		};
/* End PBXSourcesBuildPhase section */

/* Begin PBXTargetDependency section */
		D72C45562E951BCC00840B3C /* PBXTargetDependency */ = {
			isa = PBXTargetDependency;
			target = D72C45462E951BCC00840B3C /* nhsapp-ios-demo-v2 */;
			targetProxy = D72C45552E951BCC00840B3C /* PBXContainerItemProxy */;
		};
		D72C45602E951BCC00840B3C /* PBXTargetDependency */ = {
			isa = PBXTargetDependency;
			target = D72C45462E951BCC00840B3C /* nhsapp-ios-demo-v2 */;
			targetProxy = D72C455F2E951BCC00840B3C /* PBXContainerItemProxy */;
		};
/* End PBXTargetDependency section */

/* Begin XCBuildConfiguration section */
		D72C45662E951BCC00840B3C /* Debug */ = {
			isa = XCBuildConfiguration;
			buildSettings = {
				ALWAYS_SEARCH_USER_PATHS = NO;
				ASSETCATALOG_COMPILER_GENERATE_SWIFT_ASSET_SYMBOL_EXTENSIONS = YES;
				CLANG_ANALYZER_NONNULL = YES;
				CLANG_ANALYZER_NUMBER_OBJECT_CONVERSION = YES_AGGRESSIVE;
				CLANG_CXX_LANGUAGE_STANDARD = "gnu++20";
				CLANG_ENABLE_MODULES = YES;
				CLANG_ENABLE_OBJC_ARC = YES;
				CLANG_ENABLE_OBJC_WEAK = YES;
				CLANG_WARN_BLOCK_CAPTURE_AUTORELEASING = YES;
				CLANG_WARN_BOOL_CONVERSION = YES;
				CLANG_WARN_COMMA = YES;
				CLANG_WARN_CONSTANT_CONVERSION = YES;
				CLANG_WARN_DEPRECATED_OBJC_IMPLEMENTATIONS = YES;
				CLANG_WARN_DIRECT_OBJC_ISA_USAGE = YES_ERROR;
				CLANG_WARN_DOCUMENTATION_COMMENTS = YES;
				CLANG_WARN_EMPTY_BODY = YES;
				CLANG_WARN_ENUM_CONVERSION = YES;
				CLANG_WARN_INFINITE_RECURSION = YES;
				CLANG_WARN_INT_CONVERSION = YES;
				CLANG_WARN_NON_LITERAL_NULL_CONVERSION = YES;
				CLANG_WARN_OBJC_IMPLICIT_RETAIN_SELF = YES;
				CLANG_WARN_OBJC_LITERAL_CONVERSION = YES;
				CLANG_WARN_OBJC_ROOT_CLASS = YES_ERROR;
				CLANG_WARN_QUOTED_INCLUDE_IN_FRAMEWORK_HEADER = YES;
				CLANG_WARN_RANGE_LOOP_ANALYSIS = YES;
				CLANG_WARN_STRICT_PROTOTYPES = YES;
				CLANG_WARN_SUSPICIOUS_MOVE = YES;
				CLANG_WARN_UNGUARDED_AVAILABILITY = YES_AGGRESSIVE;
				CLANG_WARN_UNREACHABLE_CODE = YES;
				CLANG_WARN__DUPLICATE_METHOD_MATCH = YES;
				COPY_PHASE_STRIP = NO;
				DEBUG_INFORMATION_FORMAT = dwarf;
				DEVELOPMENT_TEAM = AN8CPUQKPQ;
				ENABLE_STRICT_OBJC_MSGSEND = YES;
				ENABLE_TESTABILITY = YES;
				ENABLE_USER_SCRIPT_SANDBOXING = YES;
				GCC_C_LANGUAGE_STANDARD = gnu17;
				GCC_DYNAMIC_NO_PIC = NO;
				GCC_NO_COMMON_BLOCKS = YES;
				GCC_OPTIMIZATION_LEVEL = 0;
				GCC_PREPROCESSOR_DEFINITIONS = (
					"DEBUG=1",
					"$(inherited)",
				);
				GCC_WARN_64_TO_32_BIT_CONVERSION = YES;
				GCC_WARN_ABOUT_RETURN_TYPE = YES_ERROR;
				GCC_WARN_UNDECLARED_SELECTOR = YES;
				GCC_WARN_UNINITIALIZED_AUTOS = YES_AGGRESSIVE;
				GCC_WARN_UNUSED_FUNCTION = YES;
				GCC_WARN_UNUSED_VARIABLE = YES;
				IPHONEOS_DEPLOYMENT_TARGET = 26.0;
				LOCALIZATION_PREFERS_STRING_CATALOGS = YES;
				MTL_ENABLE_DEBUG_INFO = INCLUDE_SOURCE;
				MTL_FAST_MATH = YES;
				ONLY_ACTIVE_ARCH = YES;
				SDKROOT = iphoneos;
				SWIFT_ACTIVE_COMPILATION_CONDITIONS = "DEBUG $(inherited)";
				SWIFT_OPTIMIZATION_LEVEL = "-Onone";
			};
			name = Debug;
		};
		D72C45672E951BCC00840B3C /* Release */ = {
			isa = XCBuildConfiguration;
			buildSettings = {
				ALWAYS_SEARCH_USER_PATHS = NO;
				ASSETCATALOG_COMPILER_GENERATE_SWIFT_ASSET_SYMBOL_EXTENSIONS = YES;
				CLANG_ANALYZER_NONNULL = YES;
				CLANG_ANALYZER_NUMBER_OBJECT_CONVERSION = YES_AGGRESSIVE;
				CLANG_CXX_LANGUAGE_STANDARD = "gnu++20";
				CLANG_ENABLE_MODULES = YES;
				CLANG_ENABLE_OBJC_ARC = YES;
				CLANG_ENABLE_OBJC_WEAK = YES;
				CLANG_WARN_BLOCK_CAPTURE_AUTORELEASING = YES;
				CLANG_WARN_BOOL_CONVERSION = YES;
				CLANG_WARN_COMMA = YES;
				CLANG_WARN_CONSTANT_CONVERSION = YES;
				CLANG_WARN_DEPRECATED_OBJC_IMPLEMENTATIONS = YES;
				CLANG_WARN_DIRECT_OBJC_ISA_USAGE = YES_ERROR;
				CLANG_WARN_DOCUMENTATION_COMMENTS = YES;
				CLANG_WARN_EMPTY_BODY = YES;
				CLANG_WARN_ENUM_CONVERSION = YES;
				CLANG_WARN_INFINITE_RECURSION = YES;
				CLANG_WARN_INT_CONVERSION = YES;
				CLANG_WARN_NON_LITERAL_NULL_CONVERSION = YES;
				CLANG_WARN_OBJC_IMPLICIT_RETAIN_SELF = YES;
				CLANG_WARN_OBJC_LITERAL_CONVERSION = YES;
				CLANG_WARN_OBJC_ROOT_CLASS = YES_ERROR;
				CLANG_WARN_QUOTED_INCLUDE_IN_FRAMEWORK_HEADER = YES;
				CLANG_WARN_RANGE_LOOP_ANALYSIS = YES;
				CLANG_WARN_STRICT_PROTOTYPES = YES;
				CLANG_WARN_SUSPICIOUS_MOVE = YES;
				CLANG_WARN_UNGUARDED_AVAILABILITY = YES_AGGRESSIVE;
				CLANG_WARN_UNREACHABLE_CODE = YES;
				CLANG_WARN__DUPLICATE_METHOD_MATCH = YES;
				COPY_PHASE_STRIP = NO;
				DEBUG_INFORMATION_FORMAT = "dwarf-with-dsym";
				DEVELOPMENT_TEAM = AN8CPUQKPQ;
				ENABLE_NS_ASSERTIONS = NO;
				ENABLE_STRICT_OBJC_MSGSEND = YES;
				ENABLE_USER_SCRIPT_SANDBOXING = YES;
				GCC_C_LANGUAGE_STANDARD = gnu17;
				GCC_NO_COMMON_BLOCKS = YES;
				GCC_WARN_64_TO_32_BIT_CONVERSION = YES;
				GCC_WARN_ABOUT_RETURN_TYPE = YES_ERROR;
				GCC_WARN_UNDECLARED_SELECTOR = YES;
				GCC_WARN_UNINITIALIZED_AUTOS = YES_AGGRESSIVE;
				GCC_WARN_UNUSED_FUNCTION = YES;
				GCC_WARN_UNUSED_VARIABLE = YES;
				IPHONEOS_DEPLOYMENT_TARGET = 26.0;
				LOCALIZATION_PREFERS_STRING_CATALOGS = YES;
				MTL_ENABLE_DEBUG_INFO = NO;
				MTL_FAST_MATH = YES;
				SDKROOT = iphoneos;
				SWIFT_COMPILATION_MODE = wholemodule;
				VALIDATE_PRODUCT = YES;
			};
			name = Release;
		};
		D72C45692E951BCC00840B3C /* Debug */ = {
			isa = XCBuildConfiguration;
			buildSettings = {
				ASSETCATALOG_COMPILER_APPICON_NAME = AppIcon;
				ASSETCATALOG_COMPILER_GLOBAL_ACCENT_COLOR_NAME = AccentColor;
				CODE_SIGN_STYLE = Automatic;
				CURRENT_PROJECT_VERSION = 1;
				DEVELOPMENT_TEAM = AN8CPUQKPQ;
				ENABLE_PREVIEWS = YES;
				GENERATE_INFOPLIST_FILE = YES;
				INFOPLIST_KEY_UIApplicationSceneManifest_Generation = YES;
				INFOPLIST_KEY_UIApplicationSupportsIndirectInputEvents = YES;
				INFOPLIST_KEY_UILaunchScreen_Generation = YES;
				INFOPLIST_KEY_UISupportedInterfaceOrientations_iPad = "UIInterfaceOrientationPortrait UIInterfaceOrientationPortraitUpsideDown UIInterfaceOrientationLandscapeLeft UIInterfaceOrientationLandscapeRight";
				INFOPLIST_KEY_UISupportedInterfaceOrientations_iPhone = "UIInterfaceOrientationPortrait UIInterfaceOrientationLandscapeLeft UIInterfaceOrientationLandscapeRight";
				LD_RUNPATH_SEARCH_PATHS = (
					"$(inherited)",
					"@executable_path/Frameworks",
				);
				MARKETING_VERSION = 1.0;
				PRODUCT_BUNDLE_IDENTIFIER = "com.davidhunter.nhsapp-ios-demo-v2-form-flows";
				PRODUCT_NAME = "$(TARGET_NAME)";
				STRING_CATALOG_GENERATE_SYMBOLS = YES;
				SWIFT_APPROACHABLE_CONCURRENCY = YES;
				SWIFT_DEFAULT_ACTOR_ISOLATION = MainActor;
				SWIFT_EMIT_LOC_STRINGS = YES;
				SWIFT_UPCOMING_FEATURE_MEMBER_IMPORT_VISIBILITY = YES;
				SWIFT_VERSION = 5.0;
				TARGETED_DEVICE_FAMILY = "1,2";
			};
			name = Debug;
		};
		D72C456A2E951BCC00840B3C /* Release */ = {
			isa = XCBuildConfiguration;
			buildSettings = {
				ASSETCATALOG_COMPILER_APPICON_NAME = AppIcon;
				ASSETCATALOG_COMPILER_GLOBAL_ACCENT_COLOR_NAME = AccentColor;
				CODE_SIGN_STYLE = Automatic;
				CURRENT_PROJECT_VERSION = 1;
				DEVELOPMENT_TEAM = AN8CPUQKPQ;
				ENABLE_PREVIEWS = YES;
				GENERATE_INFOPLIST_FILE = YES;
				INFOPLIST_KEY_UIApplicationSceneManifest_Generation = YES;
				INFOPLIST_KEY_UIApplicationSupportsIndirectInputEvents = YES;
				INFOPLIST_KEY_UILaunchScreen_Generation = YES;
				INFOPLIST_KEY_UISupportedInterfaceOrientations_iPad = "UIInterfaceOrientationPortrait UIInterfaceOrientationPortraitUpsideDown UIInterfaceOrientationLandscapeLeft UIInterfaceOrientationLandscapeRight";
				INFOPLIST_KEY_UISupportedInterfaceOrientations_iPhone = "UIInterfaceOrientationPortrait UIInterfaceOrientationLandscapeLeft UIInterfaceOrientationLandscapeRight";
				LD_RUNPATH_SEARCH_PATHS = (
					"$(inherited)",
					"@executable_path/Frameworks",
				);
				MARKETING_VERSION = 1.0;
				PRODUCT_BUNDLE_IDENTIFIER = "com.davidhunter.nhsapp-ios-demo-v2-form-flows";
				PRODUCT_NAME = "$(TARGET_NAME)";
				STRING_CATALOG_GENERATE_SYMBOLS = YES;
				SWIFT_APPROACHABLE_CONCURRENCY = YES;
				SWIFT_DEFAULT_ACTOR_ISOLATION = MainActor;
				SWIFT_EMIT_LOC_STRINGS = YES;
				SWIFT_UPCOMING_FEATURE_MEMBER_IMPORT_VISIBILITY = YES;
				SWIFT_VERSION = 5.0;
				TARGETED_DEVICE_FAMILY = "1,2";
			};
			name = Release;
		};
		D72C456C2E951BCC00840B3C /* Debug */ = {
			isa = XCBuildConfiguration;
			buildSettings = {
				BUNDLE_LOADER = "$(TEST_HOST)";
				CODE_SIGN_STYLE = Automatic;
				CURRENT_PROJECT_VERSION = 1;
				DEVELOPMENT_TEAM = AN8CPUQKPQ;
				GENERATE_INFOPLIST_FILE = YES;
				IPHONEOS_DEPLOYMENT_TARGET = 26.0;
				MARKETING_VERSION = 1.0;
				PRODUCT_BUNDLE_IDENTIFIER = "com.davidhunter.nhsapp-ios-demo-v2Tests";
				PRODUCT_NAME = "$(TARGET_NAME)";
				STRING_CATALOG_GENERATE_SYMBOLS = NO;
				SWIFT_APPROACHABLE_CONCURRENCY = YES;
				SWIFT_EMIT_LOC_STRINGS = NO;
				SWIFT_UPCOMING_FEATURE_MEMBER_IMPORT_VISIBILITY = YES;
				SWIFT_VERSION = 5.0;
				TARGETED_DEVICE_FAMILY = "1,2";
				TEST_HOST = "$(BUILT_PRODUCTS_DIR)/nhsapp-ios-demo-v2.app/$(BUNDLE_EXECUTABLE_FOLDER_PATH)/nhsapp-ios-demo-v2";
			};
			name = Debug;
		};
		D72C456D2E951BCC00840B3C /* Release */ = {
			isa = XCBuildConfiguration;
			buildSettings = {
				BUNDLE_LOADER = "$(TEST_HOST)";
				CODE_SIGN_STYLE = Automatic;
				CURRENT_PROJECT_VERSION = 1;
				DEVELOPMENT_TEAM = AN8CPUQKPQ;
				GENERATE_INFOPLIST_FILE = YES;
				IPHONEOS_DEPLOYMENT_TARGET = 26.0;
				MARKETING_VERSION = 1.0;
				PRODUCT_BUNDLE_IDENTIFIER = "com.davidhunter.nhsapp-ios-demo-v2Tests";
				PRODUCT_NAME = "$(TARGET_NAME)";
				STRING_CATALOG_GENERATE_SYMBOLS = NO;
				SWIFT_APPROACHABLE_CONCURRENCY = YES;
				SWIFT_EMIT_LOC_STRINGS = NO;
				SWIFT_UPCOMING_FEATURE_MEMBER_IMPORT_VISIBILITY = YES;
				SWIFT_VERSION = 5.0;
				TARGETED_DEVICE_FAMILY = "1,2";
				TEST_HOST = "$(BUILT_PRODUCTS_DIR)/nhsapp-ios-demo-v2.app/$(BUNDLE_EXECUTABLE_FOLDER_PATH)/nhsapp-ios-demo-v2";
			};
			name = Release;
		};
		D72C456F2E951BCC00840B3C /* Debug */ = {
			isa = XCBuildConfiguration;
			buildSettings = {
				CODE_SIGN_STYLE = Automatic;
				CURRENT_PROJECT_VERSION = 1;
				DEVELOPMENT_TEAM = AN8CPUQKPQ;
				GENERATE_INFOPLIST_FILE = YES;
				MARKETING_VERSION = 1.0;
				PRODUCT_BUNDLE_IDENTIFIER = "com.davidhunter.nhsapp-ios-demo-v2UITests";
				PRODUCT_NAME = "$(TARGET_NAME)";
				STRING_CATALOG_GENERATE_SYMBOLS = NO;
				SWIFT_APPROACHABLE_CONCURRENCY = YES;
				SWIFT_EMIT_LOC_STRINGS = NO;
				SWIFT_UPCOMING_FEATURE_MEMBER_IMPORT_VISIBILITY = YES;
				SWIFT_VERSION = 5.0;
				TARGETED_DEVICE_FAMILY = "1,2";
				TEST_TARGET_NAME = "nhsapp-ios-demo-v2";
			};
			name = Debug;
		};
		D72C45702E951BCC00840B3C /* Release */ = {
			isa = XCBuildConfiguration;
			buildSettings = {
				CODE_SIGN_STYLE = Automatic;
				CURRENT_PROJECT_VERSION = 1;
				DEVELOPMENT_TEAM = AN8CPUQKPQ;
				GENERATE_INFOPLIST_FILE = YES;
				MARKETING_VERSION = 1.0;
				PRODUCT_BUNDLE_IDENTIFIER = "com.davidhunter.nhsapp-ios-demo-v2UITests";
				PRODUCT_NAME = "$(TARGET_NAME)";
				STRING_CATALOG_GENERATE_SYMBOLS = NO;
				SWIFT_APPROACHABLE_CONCURRENCY = YES;
				SWIFT_EMIT_LOC_STRINGS = NO;
				SWIFT_UPCOMING_FEATURE_MEMBER_IMPORT_VISIBILITY = YES;
				SWIFT_VERSION = 5.0;
				TARGETED_DEVICE_FAMILY = "1,2";
				TEST_TARGET_NAME = "nhsapp-ios-demo-v2";
			};
			name = Release;
		};
/* End XCBuildConfiguration section */

/* Begin XCConfigurationList section */
		D72C45422E951BCC00840B3C /* Build configuration list for PBXProject "nhsapp-ios-demo-v2" */ = {
			isa = XCConfigurationList;
			buildConfigurations = (
				D72C45662E951BCC00840B3C /* Debug */,
				D72C45672E951BCC00840B3C /* Release */,
			);
			defaultConfigurationIsVisible = 0;
			defaultConfigurationName = Release;
		};
		D72C45682E951BCC00840B3C /* Build configuration list for PBXNativeTarget "nhsapp-ios-demo-v2" */ = {
			isa = XCConfigurationList;
			buildConfigurations = (
				D72C45692E951BCC00840B3C /* Debug */,
				D72C456A2E951BCC00840B3C /* Release */,
			);
			defaultConfigurationIsVisible = 0;
			defaultConfigurationName = Release;
		};
		D72C456B2E951BCC00840B3C /* Build configuration list for PBXNativeTarget "nhsapp-ios-demo-v2Tests" */ = {
			isa = XCConfigurationList;
			buildConfigurations = (
				D72C456C2E951BCC00840B3C /* Debug */,
				D72C456D2E951BCC00840B3C /* Release */,
			);
			defaultConfigurationIsVisible = 0;
			defaultConfigurationName = Release;
		};
		D72C456E2E951BCC00840B3C /* Build configuration list for PBXNativeTarget "nhsapp-ios-demo-v2UITests" */ = {
			isa = XCConfigurationList;
			buildConfigurations = (
				D72C456F2E951BCC00840B3C /* Debug */,
				D72C45702E951BCC00840B3C /* Release */,
			);
			defaultConfigurationIsVisible = 0;
			defaultConfigurationName = Release;
		};
/* End XCConfigurationList section */

/* Begin XCRemoteSwiftPackageReference section */
		D7E680822EBA159700C3FC2D /* XCRemoteSwiftPackageReference "nhsapp-prototype-DesignSystem_iOS" */ = {
			isa = XCRemoteSwiftPackageReference;
			repositoryURL = "https://github.com/NHSDigital/nhsapp-prototype-DesignSystem_iOS";
			requirement = {
				branch = main;
				kind = branch;
			};
		};
/* End XCRemoteSwiftPackageReference section */

/* Begin XCSwiftPackageProductDependency section */
		D7E680832EBA159700C3FC2D /* NHSDesignSystem */ = {
			isa = XCSwiftPackageProductDependency;
			package = D7E680822EBA159700C3FC2D /* XCRemoteSwiftPackageReference "nhsapp-prototype-DesignSystem_iOS" */;
			productName = NHSDesignSystem;
		};
/* End XCSwiftPackageProductDependency section */
	};
	rootObject = D72C453F2E951BCC00840B3C /* Project object */;
}
